// !$*UTF8*$!
{
	archiveVersion = 1;
	classes = {
	};
	objectVersion = 46;
	objects = {

/* Begin PBXBuildFile section */
		8906408A1E411ACE004B0777 /* FavoritesViewControllerTests.swift in Sources */ = {isa = PBXBuildFile; fileRef = 890640891E411ACE004B0777 /* FavoritesViewControllerTests.swift */; };
		890B65AC1E27F732004595D0 /* NamesModelTests.swift in Sources */ = {isa = PBXBuildFile; fileRef = 890B65AB1E27F732004595D0 /* NamesModelTests.swift */; };
		890EC4981E2EB83C0091337D /* FavoritesViewController.swift in Sources */ = {isa = PBXBuildFile; fileRef = 890EC4971E2EB83C0091337D /* FavoritesViewController.swift */; };
		891174801DFB61B400878305 /* NameGeneratorTests.swift in Sources */ = {isa = PBXBuildFile; fileRef = 8911747F1DFB61B400878305 /* NameGeneratorTests.swift */; };
		8925DDE11DFB31DF009A341D /* NameGenerator.swift in Sources */ = {isa = PBXBuildFile; fileRef = 8925DDE01DFB31DF009A341D /* NameGenerator.swift */; };
		8957A67B1DF61CFB00DB709F /* AppDelegate.swift in Sources */ = {isa = PBXBuildFile; fileRef = 8957A67A1DF61CFB00DB709F /* AppDelegate.swift */; };
		8957A67D1DF61CFB00DB709F /* NamesViewController.swift in Sources */ = {isa = PBXBuildFile; fileRef = 8957A67C1DF61CFB00DB709F /* NamesViewController.swift */; };
		8957A6801DF61CFB00DB709F /* Main.storyboard in Resources */ = {isa = PBXBuildFile; fileRef = 8957A67E1DF61CFB00DB709F /* Main.storyboard */; };
		8957A6821DF61CFB00DB709F /* Assets.xcassets in Resources */ = {isa = PBXBuildFile; fileRef = 8957A6811DF61CFB00DB709F /* Assets.xcassets */; };
		8957A6851DF61CFB00DB709F /* LaunchScreen.storyboard in Resources */ = {isa = PBXBuildFile; fileRef = 8957A6831DF61CFB00DB709F /* LaunchScreen.storyboard */; };
		8957A6901DF61CFB00DB709F /* NamesViewControllerTests.swift in Sources */ = {isa = PBXBuildFile; fileRef = 8957A68F1DF61CFB00DB709F /* NamesViewControllerTests.swift */; };
		8957A6A91DF777C100DB709F /* NamesControllerTests.swift in Sources */ = {isa = PBXBuildFile; fileRef = 8957A6A81DF777C100DB709F /* NamesControllerTests.swift */; };
		8957A6AB1DF77BA200DB709F /* NamesController.swift in Sources */ = {isa = PBXBuildFile; fileRef = 8957A6AA1DF77BA200DB709F /* NamesController.swift */; };
		896FD8CA1E09961200247FCB /* NamesModel.swift in Sources */ = {isa = PBXBuildFile; fileRef = 896FD8C91E09961200247FCB /* NamesModel.swift */; };
		899271F61E2EF1A60055BA82 /* FavoritesControllerTests.swift in Sources */ = {isa = PBXBuildFile; fileRef = 899271F51E2EF1A60055BA82 /* FavoritesControllerTests.swift */; };
		899271F81E2EF29A0055BA82 /* FavoritesController.swift in Sources */ = {isa = PBXBuildFile; fileRef = 899271F71E2EF29A0055BA82 /* FavoritesController.swift */; };
		899272081E3420CD0055BA82 /* PersistanceLayer.swift in Sources */ = {isa = PBXBuildFile; fileRef = 899272071E3420CD0055BA82 /* PersistanceLayer.swift */; };
		8992720A1E3444E60055BA82 /* ArchiverGateway.swift in Sources */ = {isa = PBXBuildFile; fileRef = 899272091E3444E60055BA82 /* ArchiverGateway.swift */; };
		8992720C1E355BFF0055BA82 /* ArchiverGatewayTests.swift in Sources */ = {isa = PBXBuildFile; fileRef = 8992720B1E355BFF0055BA82 /* ArchiverGatewayTests.swift */; };
		89B342EC1E788D590049AA9F /* FavoriteButton.swift in Sources */ = {isa = PBXBuildFile; fileRef = 89B342EB1E788D590049AA9F /* FavoriteButton.swift */; };
/* End PBXBuildFile section */

/* Begin PBXContainerItemProxy section */
		8957A68C1DF61CFB00DB709F /* PBXContainerItemProxy */ = {
			isa = PBXContainerItemProxy;
			containerPortal = 8957A66F1DF61CFB00DB709F /* Project object */;
			proxyType = 1;
			remoteGlobalIDString = 8957A6761DF61CFB00DB709F;
			remoteInfo = Bernard;
		};
/* End PBXContainerItemProxy section */

/* Begin PBXFileReference section */
		890640891E411ACE004B0777 /* FavoritesViewControllerTests.swift */ = {isa = PBXFileReference; fileEncoding = 4; lastKnownFileType = sourcecode.swift; path = FavoritesViewControllerTests.swift; sourceTree = "<group>"; };
		890B65AB1E27F732004595D0 /* NamesModelTests.swift */ = {isa = PBXFileReference; fileEncoding = 4; lastKnownFileType = sourcecode.swift; path = NamesModelTests.swift; sourceTree = "<group>"; };
		890EC4971E2EB83C0091337D /* FavoritesViewController.swift */ = {isa = PBXFileReference; fileEncoding = 4; lastKnownFileType = sourcecode.swift; path = FavoritesViewController.swift; sourceTree = "<group>"; };
		8911747F1DFB61B400878305 /* NameGeneratorTests.swift */ = {isa = PBXFileReference; fileEncoding = 4; lastKnownFileType = sourcecode.swift; path = NameGeneratorTests.swift; sourceTree = "<group>"; };
		8925DDE01DFB31DF009A341D /* NameGenerator.swift */ = {isa = PBXFileReference; fileEncoding = 4; lastKnownFileType = sourcecode.swift; path = NameGenerator.swift; sourceTree = "<group>"; };
		8957A6771DF61CFB00DB709F /* Bernard.app */ = {isa = PBXFileReference; explicitFileType = wrapper.application; includeInIndex = 0; path = Bernard.app; sourceTree = BUILT_PRODUCTS_DIR; };
		8957A67A1DF61CFB00DB709F /* AppDelegate.swift */ = {isa = PBXFileReference; lastKnownFileType = sourcecode.swift; path = AppDelegate.swift; sourceTree = "<group>"; };
		8957A67C1DF61CFB00DB709F /* NamesViewController.swift */ = {isa = PBXFileReference; lastKnownFileType = sourcecode.swift; path = NamesViewController.swift; sourceTree = "<group>"; };
		8957A67F1DF61CFB00DB709F /* Base */ = {isa = PBXFileReference; lastKnownFileType = file.storyboard; name = Base; path = Base.lproj/Main.storyboard; sourceTree = "<group>"; };
		8957A6811DF61CFB00DB709F /* Assets.xcassets */ = {isa = PBXFileReference; lastKnownFileType = folder.assetcatalog; path = Assets.xcassets; sourceTree = "<group>"; };
		8957A6841DF61CFB00DB709F /* Base */ = {isa = PBXFileReference; lastKnownFileType = file.storyboard; name = Base; path = Base.lproj/LaunchScreen.storyboard; sourceTree = "<group>"; };
		8957A6861DF61CFB00DB709F /* Info.plist */ = {isa = PBXFileReference; lastKnownFileType = text.plist.xml; path = Info.plist; sourceTree = "<group>"; };
		8957A68B1DF61CFB00DB709F /* BernardTests.xctest */ = {isa = PBXFileReference; explicitFileType = wrapper.cfbundle; includeInIndex = 0; path = BernardTests.xctest; sourceTree = BUILT_PRODUCTS_DIR; };
		8957A68F1DF61CFB00DB709F /* NamesViewControllerTests.swift */ = {isa = PBXFileReference; lastKnownFileType = sourcecode.swift; path = NamesViewControllerTests.swift; sourceTree = "<group>"; };
		8957A6911DF61CFB00DB709F /* Info.plist */ = {isa = PBXFileReference; lastKnownFileType = text.plist.xml; path = Info.plist; sourceTree = "<group>"; };
		8957A6A81DF777C100DB709F /* NamesControllerTests.swift */ = {isa = PBXFileReference; fileEncoding = 4; lastKnownFileType = sourcecode.swift; path = NamesControllerTests.swift; sourceTree = "<group>"; };
		8957A6AA1DF77BA200DB709F /* NamesController.swift */ = {isa = PBXFileReference; fileEncoding = 4; lastKnownFileType = sourcecode.swift; path = NamesController.swift; sourceTree = "<group>"; };
		896FD8C91E09961200247FCB /* NamesModel.swift */ = {isa = PBXFileReference; fileEncoding = 4; lastKnownFileType = sourcecode.swift; path = NamesModel.swift; sourceTree = "<group>"; };
		899271F51E2EF1A60055BA82 /* FavoritesControllerTests.swift */ = {isa = PBXFileReference; fileEncoding = 4; lastKnownFileType = sourcecode.swift; path = FavoritesControllerTests.swift; sourceTree = "<group>"; };
		899271F71E2EF29A0055BA82 /* FavoritesController.swift */ = {isa = PBXFileReference; fileEncoding = 4; lastKnownFileType = sourcecode.swift; path = FavoritesController.swift; sourceTree = "<group>"; };
		899272071E3420CD0055BA82 /* PersistanceLayer.swift */ = {isa = PBXFileReference; fileEncoding = 4; lastKnownFileType = sourcecode.swift; path = PersistanceLayer.swift; sourceTree = "<group>"; };
		899272091E3444E60055BA82 /* ArchiverGateway.swift */ = {isa = PBXFileReference; fileEncoding = 4; lastKnownFileType = sourcecode.swift; path = ArchiverGateway.swift; sourceTree = "<group>"; };
		8992720B1E355BFF0055BA82 /* ArchiverGatewayTests.swift */ = {isa = PBXFileReference; fileEncoding = 4; lastKnownFileType = sourcecode.swift; path = ArchiverGatewayTests.swift; sourceTree = "<group>"; };
		89B342EB1E788D590049AA9F /* FavoriteButton.swift */ = {isa = PBXFileReference; fileEncoding = 4; lastKnownFileType = sourcecode.swift; path = FavoriteButton.swift; sourceTree = "<group>"; };
/* End PBXFileReference section */

/* Begin PBXFrameworksBuildPhase section */
		8957A6741DF61CFB00DB709F /* Frameworks */ = {
			isa = PBXFrameworksBuildPhase;
			buildActionMask = 2147483647;
			files = (
			);
			runOnlyForDeploymentPostprocessing = 0;
		};
		8957A6881DF61CFB00DB709F /* Frameworks */ = {
			isa = PBXFrameworksBuildPhase;
			buildActionMask = 2147483647;
			files = (
			);
			runOnlyForDeploymentPostprocessing = 0;
		};
/* End PBXFrameworksBuildPhase section */

/* Begin PBXGroup section */
		8957A66E1DF61CFB00DB709F = {
			isa = PBXGroup;
			children = (
				8957A6791DF61CFB00DB709F /* Bernard */,
				8957A68E1DF61CFB00DB709F /* BernardTests */,
				8957A6781DF61CFB00DB709F /* Products */,
			);
			sourceTree = "<group>";
		};
		8957A6781DF61CFB00DB709F /* Products */ = {
			isa = PBXGroup;
			children = (
				8957A6771DF61CFB00DB709F /* Bernard.app */,
				8957A68B1DF61CFB00DB709F /* BernardTests.xctest */,
			);
			name = Products;
			sourceTree = "<group>";
		};
		8957A6791DF61CFB00DB709F /* Bernard */ = {
			isa = PBXGroup;
			children = (
				8957A67A1DF61CFB00DB709F /* AppDelegate.swift */,
				896FD8C91E09961200247FCB /* NamesModel.swift */,
				8957A67C1DF61CFB00DB709F /* NamesViewController.swift */,
				8957A6AA1DF77BA200DB709F /* NamesController.swift */,
				89B342EB1E788D590049AA9F /* FavoriteButton.swift */,
				890EC4971E2EB83C0091337D /* FavoritesViewController.swift */,
				899271F71E2EF29A0055BA82 /* FavoritesController.swift */,
				8925DDE01DFB31DF009A341D /* NameGenerator.swift */,
				899272071E3420CD0055BA82 /* PersistanceLayer.swift */,
				899272091E3444E60055BA82 /* ArchiverGateway.swift */,
				8957A67E1DF61CFB00DB709F /* Main.storyboard */,
				8957A6811DF61CFB00DB709F /* Assets.xcassets */,
				8957A6831DF61CFB00DB709F /* LaunchScreen.storyboard */,
				8957A6861DF61CFB00DB709F /* Info.plist */,
			);
			path = Bernard;
			sourceTree = "<group>";
		};
		8957A68E1DF61CFB00DB709F /* BernardTests */ = {
			isa = PBXGroup;
			children = (
				8957A68F1DF61CFB00DB709F /* NamesViewControllerTests.swift */,
				899271F51E2EF1A60055BA82 /* FavoritesControllerTests.swift */,
				890640891E411ACE004B0777 /* FavoritesViewControllerTests.swift */,
				8957A6A81DF777C100DB709F /* NamesControllerTests.swift */,
				890B65AB1E27F732004595D0 /* NamesModelTests.swift */,
				8911747F1DFB61B400878305 /* NameGeneratorTests.swift */,
				8992720B1E355BFF0055BA82 /* ArchiverGatewayTests.swift */,
				8957A6911DF61CFB00DB709F /* Info.plist */,
			);
			path = BernardTests;
			sourceTree = "<group>";
		};
/* End PBXGroup section */

/* Begin PBXNativeTarget section */
		8957A6761DF61CFB00DB709F /* Bernard */ = {
			isa = PBXNativeTarget;
			buildConfigurationList = 8957A69F1DF61CFB00DB709F /* Build configuration list for PBXNativeTarget "Bernard" */;
			buildPhases = (
				8957A6731DF61CFB00DB709F /* Sources */,
				8957A6741DF61CFB00DB709F /* Frameworks */,
				8957A6751DF61CFB00DB709F /* Resources */,
			);
			buildRules = (
			);
			dependencies = (
			);
			name = Bernard;
			productName = Bernard;
			productReference = 8957A6771DF61CFB00DB709F /* Bernard.app */;
			productType = "com.apple.product-type.application";
		};
		8957A68A1DF61CFB00DB709F /* BernardTests */ = {
			isa = PBXNativeTarget;
			buildConfigurationList = 8957A6A21DF61CFB00DB709F /* Build configuration list for PBXNativeTarget "BernardTests" */;
			buildPhases = (
				8957A6871DF61CFB00DB709F /* Sources */,
				8957A6881DF61CFB00DB709F /* Frameworks */,
				8957A6891DF61CFB00DB709F /* Resources */,
			);
			buildRules = (
			);
			dependencies = (
				8957A68D1DF61CFB00DB709F /* PBXTargetDependency */,
			);
			name = BernardTests;
			productName = BernardTests;
			productReference = 8957A68B1DF61CFB00DB709F /* BernardTests.xctest */;
			productType = "com.apple.product-type.bundle.unit-test";
		};
/* End PBXNativeTarget section */

/* Begin PBXProject section */
		8957A66F1DF61CFB00DB709F /* Project object */ = {
			isa = PBXProject;
			attributes = {
				LastSwiftUpdateCheck = 0810;
				LastUpgradeCheck = 0820;
				ORGANIZATIONNAME = "Michael Johnson";
				TargetAttributes = {
					8957A6761DF61CFB00DB709F = {
						CreatedOnToolsVersion = 8.1;
						DevelopmentTeam = G366SNANE6;
						ProvisioningStyle = Automatic;
					};
					8957A68A1DF61CFB00DB709F = {
						CreatedOnToolsVersion = 8.1;
						DevelopmentTeam = G366SNANE6;
						ProvisioningStyle = Automatic;
						TestTargetID = 8957A6761DF61CFB00DB709F;
					};
				};
			};
			buildConfigurationList = 8957A6721DF61CFB00DB709F /* Build configuration list for PBXProject "Bernard" */;
			compatibilityVersion = "Xcode 3.2";
			developmentRegion = English;
			hasScannedForEncodings = 0;
			knownRegions = (
				en,
				Base,
			);
			mainGroup = 8957A66E1DF61CFB00DB709F;
			productRefGroup = 8957A6781DF61CFB00DB709F /* Products */;
			projectDirPath = "";
			projectRoot = "";
			targets = (
				8957A6761DF61CFB00DB709F /* Bernard */,
				8957A68A1DF61CFB00DB709F /* BernardTests */,
			);
		};
/* End PBXProject section */

/* Begin PBXResourcesBuildPhase section */
		8957A6751DF61CFB00DB709F /* Resources */ = {
			isa = PBXResourcesBuildPhase;
			buildActionMask = 2147483647;
			files = (
				8957A6851DF61CFB00DB709F /* LaunchScreen.storyboard in Resources */,
				8957A6821DF61CFB00DB709F /* Assets.xcassets in Resources */,
				8957A6801DF61CFB00DB709F /* Main.storyboard in Resources */,
			);
			runOnlyForDeploymentPostprocessing = 0;
		};
		8957A6891DF61CFB00DB709F /* Resources */ = {
			isa = PBXResourcesBuildPhase;
			buildActionMask = 2147483647;
			files = (
			);
			runOnlyForDeploymentPostprocessing = 0;
		};
/* End PBXResourcesBuildPhase section */

/* Begin PBXSourcesBuildPhase section */
		8957A6731DF61CFB00DB709F /* Sources */ = {
			isa = PBXSourcesBuildPhase;
			buildActionMask = 2147483647;
			files = (
				899272081E3420CD0055BA82 /* PersistanceLayer.swift in Sources */,
				8992720A1E3444E60055BA82 /* ArchiverGateway.swift in Sources */,
				8957A67D1DF61CFB00DB709F /* NamesViewController.swift in Sources */,
				89B342EC1E788D590049AA9F /* FavoriteButton.swift in Sources */,
				8957A67B1DF61CFB00DB709F /* AppDelegate.swift in Sources */,
				890EC4981E2EB83C0091337D /* FavoritesViewController.swift in Sources */,
				899271F81E2EF29A0055BA82 /* FavoritesController.swift in Sources */,
				896FD8CA1E09961200247FCB /* NamesModel.swift in Sources */,
				8925DDE11DFB31DF009A341D /* NameGenerator.swift in Sources */,
				8957A6AB1DF77BA200DB709F /* NamesController.swift in Sources */,
			);
			runOnlyForDeploymentPostprocessing = 0;
		};
		8957A6871DF61CFB00DB709F /* Sources */ = {
			isa = PBXSourcesBuildPhase;
			buildActionMask = 2147483647;
			files = (
				891174801DFB61B400878305 /* NameGeneratorTests.swift in Sources */,
				8957A6901DF61CFB00DB709F /* NamesViewControllerTests.swift in Sources */,
				8906408A1E411ACE004B0777 /* FavoritesViewControllerTests.swift in Sources */,
				890B65AC1E27F732004595D0 /* NamesModelTests.swift in Sources */,
				8957A6A91DF777C100DB709F /* NamesControllerTests.swift in Sources */,
				8992720C1E355BFF0055BA82 /* ArchiverGatewayTests.swift in Sources */,
				899271F61E2EF1A60055BA82 /* FavoritesControllerTests.swift in Sources */,
			);
			runOnlyForDeploymentPostprocessing = 0;
		};
/* End PBXSourcesBuildPhase section */

/* Begin PBXTargetDependency section */
		8957A68D1DF61CFB00DB709F /* PBXTargetDependency */ = {
			isa = PBXTargetDependency;
			target = 8957A6761DF61CFB00DB709F /* Bernard */;
			targetProxy = 8957A68C1DF61CFB00DB709F /* PBXContainerItemProxy */;
		};
/* End PBXTargetDependency section */

/* Begin PBXVariantGroup section */
		8957A67E1DF61CFB00DB709F /* Main.storyboard */ = {
			isa = PBXVariantGroup;
			children = (
				8957A67F1DF61CFB00DB709F /* Base */,
			);
			name = Main.storyboard;
			sourceTree = "<group>";
		};
		8957A6831DF61CFB00DB709F /* LaunchScreen.storyboard */ = {
			isa = PBXVariantGroup;
			children = (
				8957A6841DF61CFB00DB709F /* Base */,
			);
			name = LaunchScreen.storyboard;
			sourceTree = "<group>";
		};
/* End PBXVariantGroup section */

/* Begin XCBuildConfiguration section */
		8957A69D1DF61CFB00DB709F /* Debug */ = {
			isa = XCBuildConfiguration;
			buildSettings = {
				ALWAYS_SEARCH_USER_PATHS = NO;
				CLANG_ANALYZER_NONNULL = YES;
				CLANG_CXX_LANGUAGE_STANDARD = "gnu++0x";
				CLANG_CXX_LIBRARY = "libc++";
				CLANG_ENABLE_MODULES = YES;
				CLANG_ENABLE_OBJC_ARC = YES;
				CLANG_WARN_BOOL_CONVERSION = YES;
				CLANG_WARN_CONSTANT_CONVERSION = YES;
				CLANG_WARN_DIRECT_OBJC_ISA_USAGE = YES_ERROR;
				CLANG_WARN_DOCUMENTATION_COMMENTS = YES;
				CLANG_WARN_EMPTY_BODY = YES;
				CLANG_WARN_ENUM_CONVERSION = YES;
				CLANG_WARN_INFINITE_RECURSION = YES;
				CLANG_WARN_INT_CONVERSION = YES;
				CLANG_WARN_OBJC_ROOT_CLASS = YES_ERROR;
				CLANG_WARN_SUSPICIOUS_MOVE = YES;
				CLANG_WARN_SUSPICIOUS_MOVES = YES;
				CLANG_WARN_UNREACHABLE_CODE = YES;
				CLANG_WARN__DUPLICATE_METHOD_MATCH = YES;
				"CODE_SIGN_IDENTITY[sdk=iphoneos*]" = "iPhone Developer";
				COPY_PHASE_STRIP = NO;
				DEBUG_INFORMATION_FORMAT = dwarf;
				ENABLE_STRICT_OBJC_MSGSEND = YES;
				ENABLE_TESTABILITY = YES;
				GCC_C_LANGUAGE_STANDARD = gnu99;
				GCC_DYNAMIC_NO_PIC = NO;
				GCC_NO_COMMON_BLOCKS = YES;
				GCC_OPTIMIZATION_LEVEL = 0;
				GCC_PREPROCESSOR_DEFINITIONS = (
					"DEBUG=1",
					"$(inherited)",
				);
				GCC_WARN_64_TO_32_BIT_CONVERSION = YES;
				GCC_WARN_ABOUT_RETURN_TYPE = YES_ERROR;
				GCC_WARN_UNDECLARED_SELECTOR = YES;
				GCC_WARN_UNINITIALIZED_AUTOS = YES_AGGRESSIVE;
				GCC_WARN_UNUSED_FUNCTION = YES;
				GCC_WARN_UNUSED_VARIABLE = YES;
				IPHONEOS_DEPLOYMENT_TARGET = 10.1;
				MTL_ENABLE_DEBUG_INFO = YES;
				ONLY_ACTIVE_ARCH = YES;
				SDKROOT = iphoneos;
				SWIFT_ACTIVE_COMPILATION_CONDITIONS = DEBUG;
				SWIFT_OPTIMIZATION_LEVEL = "-Onone";
			};
			name = Debug;
		};
		8957A69E1DF61CFB00DB709F /* Release */ = {
			isa = XCBuildConfiguration;
			buildSettings = {
				ALWAYS_SEARCH_USER_PATHS = NO;
				CLANG_ANALYZER_NONNULL = YES;
				CLANG_CXX_LANGUAGE_STANDARD = "gnu++0x";
				CLANG_CXX_LIBRARY = "libc++";
				CLANG_ENABLE_MODULES = YES;
				CLANG_ENABLE_OBJC_ARC = YES;
				CLANG_WARN_BOOL_CONVERSION = YES;
				CLANG_WARN_CONSTANT_CONVERSION = YES;
				CLANG_WARN_DIRECT_OBJC_ISA_USAGE = YES_ERROR;
				CLANG_WARN_DOCUMENTATION_COMMENTS = YES;
				CLANG_WARN_EMPTY_BODY = YES;
				CLANG_WARN_ENUM_CONVERSION = YES;
				CLANG_WARN_INFINITE_RECURSION = YES;
				CLANG_WARN_INT_CONVERSION = YES;
				CLANG_WARN_OBJC_ROOT_CLASS = YES_ERROR;
				CLANG_WARN_SUSPICIOUS_MOVE = YES;
				CLANG_WARN_SUSPICIOUS_MOVES = YES;
				CLANG_WARN_UNREACHABLE_CODE = YES;
				CLANG_WARN__DUPLICATE_METHOD_MATCH = YES;
				"CODE_SIGN_IDENTITY[sdk=iphoneos*]" = "iPhone Developer";
				COPY_PHASE_STRIP = NO;
				DEBUG_INFORMATION_FORMAT = "dwarf-with-dsym";
				ENABLE_NS_ASSERTIONS = NO;
				ENABLE_STRICT_OBJC_MSGSEND = YES;
				GCC_C_LANGUAGE_STANDARD = gnu99;
				GCC_NO_COMMON_BLOCKS = YES;
				GCC_WARN_64_TO_32_BIT_CONVERSION = YES;
				GCC_WARN_ABOUT_RETURN_TYPE = YES_ERROR;
				GCC_WARN_UNDECLARED_SELECTOR = YES;
				GCC_WARN_UNINITIALIZED_AUTOS = YES_AGGRESSIVE;
				GCC_WARN_UNUSED_FUNCTION = YES;
				GCC_WARN_UNUSED_VARIABLE = YES;
				IPHONEOS_DEPLOYMENT_TARGET = 10.1;
				MTL_ENABLE_DEBUG_INFO = NO;
				SDKROOT = iphoneos;
				SWIFT_OPTIMIZATION_LEVEL = "-Owholemodule";
				VALIDATE_PRODUCT = YES;
			};
			name = Release;
		};
		8957A6A01DF61CFB00DB709F /* Debug */ = {
			isa = XCBuildConfiguration;
			buildSettings = {
				ASSETCATALOG_COMPILER_APPICON_NAME = AppIcon;
				DEVELOPMENT_TEAM = G366SNANE6;
				INFOPLIST_FILE = Bernard/Info.plist;
				LD_RUNPATH_SEARCH_PATHS = "$(inherited) @executable_path/Frameworks";
				PRODUCT_BUNDLE_IDENTIFIER = com.notthatmj.Bernard;
				PRODUCT_NAME = "$(TARGET_NAME)";
				SWIFT_VERSION = 3.0;
			};
			name = Debug;
		};
		8957A6A11DF61CFB00DB709F /* Release */ = {
			isa = XCBuildConfiguration;
			buildSettings = {
				ASSETCATALOG_COMPILER_APPICON_NAME = AppIcon;
				DEVELOPMENT_TEAM = G366SNANE6;
				INFOPLIST_FILE = Bernard/Info.plist;
				LD_RUNPATH_SEARCH_PATHS = "$(inherited) @executable_path/Frameworks";
				PRODUCT_BUNDLE_IDENTIFIER = com.notthatmj.Bernard;
				PRODUCT_NAME = "$(TARGET_NAME)";
				SWIFT_VERSION = 3.0;
			};
			name = Release;
		};
		8957A6A31DF61CFB00DB709F /* Debug */ = {
			isa = XCBuildConfiguration;
			buildSettings = {
				ALWAYS_EMBED_SWIFT_STANDARD_LIBRARIES = YES;
				BUNDLE_LOADER = "$(TEST_HOST)";
				DEVELOPMENT_TEAM = G366SNANE6;
				INFOPLIST_FILE = BernardTests/Info.plist;
				LD_RUNPATH_SEARCH_PATHS = "$(inherited) @executable_path/Frameworks @loader_path/Frameworks";
				PRODUCT_BUNDLE_IDENTIFIER = com.notthatmj.BernardTests;
				PRODUCT_NAME = "$(TARGET_NAME)";
				SWIFT_VERSION = 3.0;
				TEST_HOST = "$(BUILT_PRODUCTS_DIR)/Bernard.app/Bernard";
			};
			name = Debug;
		};
		8957A6A41DF61CFB00DB709F /* Release */ = {
			isa = XCBuildConfiguration;
			buildSettings = {
				ALWAYS_EMBED_SWIFT_STANDARD_LIBRARIES = YES;
				BUNDLE_LOADER = "$(TEST_HOST)";
				DEVELOPMENT_TEAM = G366SNANE6;
				INFOPLIST_FILE = BernardTests/Info.plist;
				LD_RUNPATH_SEARCH_PATHS = "$(inherited) @executable_path/Frameworks @loader_path/Frameworks";
				PRODUCT_BUNDLE_IDENTIFIER = com.notthatmj.BernardTests;
				PRODUCT_NAME = "$(TARGET_NAME)";
				SWIFT_VERSION = 3.0;
				TEST_HOST = "$(BUILT_PRODUCTS_DIR)/Bernard.app/Bernard";
			};
			name = Release;
		};
/* End XCBuildConfiguration section */

/* Begin XCConfigurationList section */
		8957A6721DF61CFB00DB709F /* Build configuration list for PBXProject "Bernard" */ = {
			isa = XCConfigurationList;
			buildConfigurations = (
				8957A69D1DF61CFB00DB709F /* Debug */,
				8957A69E1DF61CFB00DB709F /* Release */,
			);
			defaultConfigurationIsVisible = 0;
			defaultConfigurationName = Release;
		};
		8957A69F1DF61CFB00DB709F /* Build configuration list for PBXNativeTarget "Bernard" */ = {
			isa = XCConfigurationList;
			buildConfigurations = (
				8957A6A01DF61CFB00DB709F /* Debug */,
				8957A6A11DF61CFB00DB709F /* Release */,
			);
			defaultConfigurationIsVisible = 0;
			defaultConfigurationName = Release;
		};
		8957A6A21DF61CFB00DB709F /* Build configuration list for PBXNativeTarget "BernardTests" */ = {
			isa = XCConfigurationList;
			buildConfigurations = (
				8957A6A31DF61CFB00DB709F /* Debug */,
				8957A6A41DF61CFB00DB709F /* Release */,
			);
			defaultConfigurationIsVisible = 0;
			defaultConfigurationName = Release;
		};
/* End XCConfigurationList section */
	};
	rootObject = 8957A66F1DF61CFB00DB709F /* Project object */;
}
